// !$*UTF8*$!
{
	archiveVersion = 1;
	classes = {
	};
	objectVersion = 46;
	objects = {

/* Begin PBXBuildFile section */
		4312C76A1F87BAFC00D5C787 /* logo-leeds.png in Resources */ = {isa = PBXBuildFile; fileRef = 4312C7691F87BAFC00D5C787 /* logo-leeds.png */; };
		4331548A1F826DC800028E79 /* main.m in Sources */ = {isa = PBXBuildFile; fileRef = 433154891F826DC800028E79 /* main.m */; };
		4331548D1F826DC800028E79 /* AppDelegate.m in Sources */ = {isa = PBXBuildFile; fileRef = 4331548C1F826DC800028E79 /* AppDelegate.m */; };
		433154901F826DC800028E79 /* ViewController.m in Sources */ = {isa = PBXBuildFile; fileRef = 4331548F1F826DC800028E79 /* ViewController.m */; };
		433154931F826DC800028E79 /* Main.storyboard in Resources */ = {isa = PBXBuildFile; fileRef = 433154911F826DC800028E79 /* Main.storyboard */; };
		433154951F826DC800028E79 /* Assets.xcassets in Resources */ = {isa = PBXBuildFile; fileRef = 433154941F826DC800028E79 /* Assets.xcassets */; };
		433154981F826DC800028E79 /* LaunchScreen.storyboard in Resources */ = {isa = PBXBuildFile; fileRef = 433154961F826DC800028E79 /* LaunchScreen.storyboard */; };
		433154A31F826DC800028E79 /* Lab_Session_02Tests.m in Sources */ = {isa = PBXBuildFile; fileRef = 433154A21F826DC800028E79 /* Lab_Session_02Tests.m */; };
		433154AE1F826DC800028E79 /* Lab_Session_02UITests.m in Sources */ = {isa = PBXBuildFile; fileRef = 433154AD1F826DC800028E79 /* Lab_Session_02UITests.m */; };
/* End PBXBuildFile section */

/* Begin PBXContainerItemProxy section */
		4331549F1F826DC800028E79 /* PBXContainerItemProxy */ = {
			isa = PBXContainerItemProxy;
			containerPortal = 4331547D1F826DC800028E79 /* Project object */;
			proxyType = 1;
			remoteGlobalIDString = 433154841F826DC800028E79;
			remoteInfo = "Lab Session 02";
		};
		433154AA1F826DC800028E79 /* PBXContainerItemProxy */ = {
			isa = PBXContainerItemProxy;
			containerPortal = 4331547D1F826DC800028E79 /* Project object */;
			proxyType = 1;
			remoteGlobalIDString = 433154841F826DC800028E79;
			remoteInfo = "Lab Session 02";
		};
/* End PBXContainerItemProxy section */

/* Begin PBXFileReference section */
		4312C7691F87BAFC00D5C787 /* logo-leeds.png */ = {isa = PBXFileReference; lastKnownFileType = image.png; path = "logo-leeds.png"; sourceTree = "<group>"; };
		433154851F826DC800028E79 /* Lab Session 02.app */ = {isa = PBXFileReference; explicitFileType = wrapper.application; includeInIndex = 0; path = "Lab Session 02.app"; sourceTree = BUILT_PRODUCTS_DIR; };
		433154891F826DC800028E79 /* main.m */ = {isa = PBXFileReference; lastKnownFileType = sourcecode.c.objc; path = main.m; sourceTree = "<group>"; };
		4331548B1F826DC800028E79 /* AppDelegate.h */ = {isa = PBXFileReference; lastKnownFileType = sourcecode.c.h; path = AppDelegate.h; sourceTree = "<group>"; };
		4331548C1F826DC800028E79 /* AppDelegate.m */ = {isa = PBXFileReference; lastKnownFileType = sourcecode.c.objc; path = AppDelegate.m; sourceTree = "<group>"; };
		4331548E1F826DC800028E79 /* ViewController.h */ = {isa = PBXFileReference; lastKnownFileType = sourcecode.c.h; path = ViewController.h; sourceTree = "<group>"; };
		4331548F1F826DC800028E79 /* ViewController.m */ = {isa = PBXFileReference; lastKnownFileType = sourcecode.c.objc; path = ViewController.m; sourceTree = "<group>"; };
		433154921F826DC800028E79 /* Base */ = {isa = PBXFileReference; lastKnownFileType = file.storyboard; name = Base; path = Base.lproj/Main.storyboard; sourceTree = "<group>"; };
		433154941F826DC800028E79 /* Assets.xcassets */ = {isa = PBXFileReference; lastKnownFileType = folder.assetcatalog; path = Assets.xcassets; sourceTree = "<group>"; };
		433154971F826DC800028E79 /* Base */ = {isa = PBXFileReference; lastKnownFileType = file.storyboard; name = Base; path = Base.lproj/LaunchScreen.storyboard; sourceTree = "<group>"; };
		433154991F826DC800028E79 /* Info.plist */ = {isa = PBXFileReference; lastKnownFileType = text.plist.xml; path = Info.plist; sourceTree = "<group>"; };
		4331549E1F826DC800028E79 /* Lab Session 02Tests.xctest */ = {isa = PBXFileReference; explicitFileType = wrapper.cfbundle; includeInIndex = 0; path = "Lab Session 02Tests.xctest"; sourceTree = BUILT_PRODUCTS_DIR; };
		433154A21F826DC800028E79 /* Lab_Session_02Tests.m */ = {isa = PBXFileReference; lastKnownFileType = sourcecode.c.objc; path = Lab_Session_02Tests.m; sourceTree = "<group>"; };
		433154A41F826DC800028E79 /* Info.plist */ = {isa = PBXFileReference; lastKnownFileType = text.plist.xml; path = Info.plist; sourceTree = "<group>"; };
		433154A91F826DC800028E79 /* Lab Session 02UITests.xctest */ = {isa = PBXFileReference; explicitFileType = wrapper.cfbundle; includeInIndex = 0; path = "Lab Session 02UITests.xctest"; sourceTree = BUILT_PRODUCTS_DIR; };
		433154AD1F826DC800028E79 /* Lab_Session_02UITests.m */ = {isa = PBXFileReference; lastKnownFileType = sourcecode.c.objc; path = Lab_Session_02UITests.m; sourceTree = "<group>"; };
		433154AF1F826DC800028E79 /* Info.plist */ = {isa = PBXFileReference; lastKnownFileType = text.plist.xml; path = Info.plist; sourceTree = "<group>"; };
/* End PBXFileReference section */

/* Begin PBXFrameworksBuildPhase section */
		433154821F826DC800028E79 /* Frameworks */ = {
			isa = PBXFrameworksBuildPhase;
			buildActionMask = 2147483647;
			files = (
			);
			runOnlyForDeploymentPostprocessing = 0;
		};
		4331549B1F826DC800028E79 /* Frameworks */ = {
			isa = PBXFrameworksBuildPhase;
			buildActionMask = 2147483647;
			files = (
			);
			runOnlyForDeploymentPostprocessing = 0;
		};
		433154A61F826DC800028E79 /* Frameworks */ = {
			isa = PBXFrameworksBuildPhase;
			buildActionMask = 2147483647;
			files = (
			);
			runOnlyForDeploymentPostprocessing = 0;
		};
/* End PBXFrameworksBuildPhase section */

/* Begin PBXGroup section */
		4331547C1F826DC800028E79 = {
			isa = PBXGroup;
			children = (
				433154871F826DC800028E79 /* Lab Session 02 */,
				433154A11F826DC800028E79 /* Lab Session 02Tests */,
				433154AC1F826DC800028E79 /* Lab Session 02UITests */,
				433154861F826DC800028E79 /* Products */,
			);
			sourceTree = "<group>";
		};
		433154861F826DC800028E79 /* Products */ = {
			isa = PBXGroup;
			children = (
				433154851F826DC800028E79 /* Lab Session 02.app */,
				4331549E1F826DC800028E79 /* Lab Session 02Tests.xctest */,
				433154A91F826DC800028E79 /* Lab Session 02UITests.xctest */,
			);
			name = Products;
			sourceTree = "<group>";
		};
		433154871F826DC800028E79 /* Lab Session 02 */ = {
			isa = PBXGroup;
			children = (
				4331548B1F826DC800028E79 /* AppDelegate.h */,
				4331548C1F826DC800028E79 /* AppDelegate.m */,
				4331548E1F826DC800028E79 /* ViewController.h */,
				4331548F1F826DC800028E79 /* ViewController.m */,
				433154911F826DC800028E79 /* Main.storyboard */,
				433154941F826DC800028E79 /* Assets.xcassets */,
				4312C7691F87BAFC00D5C787 /* logo-leeds.png */,
				433154961F826DC800028E79 /* LaunchScreen.storyboard */,
				433154991F826DC800028E79 /* Info.plist */,
				433154881F826DC800028E79 /* Supporting Files */,
			);
			path = "Lab Session 02";
			sourceTree = "<group>";
		};
		433154881F826DC800028E79 /* Supporting Files */ = {
			isa = PBXGroup;
			children = (
				433154891F826DC800028E79 /* main.m */,
			);
			name = "Supporting Files";
			sourceTree = "<group>";
		};
		433154A11F826DC800028E79 /* Lab Session 02Tests */ = {
			isa = PBXGroup;
			children = (
				433154A21F826DC800028E79 /* Lab_Session_02Tests.m */,
				433154A41F826DC800028E79 /* Info.plist */,
			);
			path = "Lab Session 02Tests";
			sourceTree = "<group>";
		};
		433154AC1F826DC800028E79 /* Lab Session 02UITests */ = {
			isa = PBXGroup;
			children = (
				433154AD1F826DC800028E79 /* Lab_Session_02UITests.m */,
				433154AF1F826DC800028E79 /* Info.plist */,
			);
			path = "Lab Session 02UITests";
			sourceTree = "<group>";
		};
/* End PBXGroup section */

/* Begin PBXNativeTarget section */
		433154841F826DC800028E79 /* Lab Session 02 */ = {
			isa = PBXNativeTarget;
			buildConfigurationList = 433154B21F826DC800028E79 /* Build configuration list for PBXNativeTarget "Lab Session 02" */;
			buildPhases = (
				433154811F826DC800028E79 /* Sources */,
				433154821F826DC800028E79 /* Frameworks */,
				433154831F826DC800028E79 /* Resources */,
			);
			buildRules = (
			);
			dependencies = (
			);
			name = "Lab Session 02";
			productName = "Lab Session 02";
			productReference = 433154851F826DC800028E79 /* Lab Session 02.app */;
			productType = "com.apple.product-type.application";
		};
		4331549D1F826DC800028E79 /* Lab Session 02Tests */ = {
			isa = PBXNativeTarget;
			buildConfigurationList = 433154B51F826DC800028E79 /* Build configuration list for PBXNativeTarget "Lab Session 02Tests" */;
			buildPhases = (
				4331549A1F826DC800028E79 /* Sources */,
				4331549B1F826DC800028E79 /* Frameworks */,
				4331549C1F826DC800028E79 /* Resources */,
			);
			buildRules = (
			);
			dependencies = (
				433154A01F826DC800028E79 /* PBXTargetDependency */,
			);
			name = "Lab Session 02Tests";
			productName = "Lab Session 02Tests";
			productReference = 4331549E1F826DC800028E79 /* Lab Session 02Tests.xctest */;
			productType = "com.apple.product-type.bundle.unit-test";
		};
		433154A81F826DC800028E79 /* Lab Session 02UITests */ = {
			isa = PBXNativeTarget;
			buildConfigurationList = 433154B81F826DC800028E79 /* Build configuration list for PBXNativeTarget "Lab Session 02UITests" */;
			buildPhases = (
				433154A51F826DC800028E79 /* Sources */,
				433154A61F826DC800028E79 /* Frameworks */,
				433154A71F826DC800028E79 /* Resources */,
			);
			buildRules = (
			);
			dependencies = (
				433154AB1F826DC800028E79 /* PBXTargetDependency */,
			);
			name = "Lab Session 02UITests";
			productName = "Lab Session 02UITests";
			productReference = 433154A91F826DC800028E79 /* Lab Session 02UITests.xctest */;
			productType = "com.apple.product-type.bundle.ui-testing";
		};
/* End PBXNativeTarget section */

/* Begin PBXProject section */
		4331547D1F826DC800028E79 /* Project object */ = {
			isa = PBXProject;
			attributes = {
				LastUpgradeCheck = 0800;
				ORGANIZATIONNAME = "Abhraneel Sen [fy15as]";
				TargetAttributes = {
					433154841F826DC800028E79 = {
						CreatedOnToolsVersion = 8.0;
						ProvisioningStyle = Automatic;
					};
					4331549D1F826DC800028E79 = {
						CreatedOnToolsVersion = 8.0;
						ProvisioningStyle = Automatic;
						TestTargetID = 433154841F826DC800028E79;
					};
					433154A81F826DC800028E79 = {
						CreatedOnToolsVersion = 8.0;
						ProvisioningStyle = Automatic;
						TestTargetID = 433154841F826DC800028E79;
					};
				};
			};
			buildConfigurationList = 433154801F826DC800028E79 /* Build configuration list for PBXProject "Lab Session 02" */;
			compatibilityVersion = "Xcode 3.2";
			developmentRegion = English;
			hasScannedForEncodings = 0;
			knownRegions = (
				en,
				Base,
			);
			mainGroup = 4331547C1F826DC800028E79;
			productRefGroup = 433154861F826DC800028E79 /* Products */;
			projectDirPath = "";
			projectRoot = "";
			targets = (
				433154841F826DC800028E79 /* Lab Session 02 */,
				4331549D1F826DC800028E79 /* Lab Session 02Tests */,
				433154A81F826DC800028E79 /* Lab Session 02UITests */,
			);
		};
/* End PBXProject section */

/* Begin PBXResourcesBuildPhase section */
		433154831F826DC800028E79 /* Resources */ = {
			isa = PBXResourcesBuildPhase;
			buildActionMask = 2147483647;
			files = (
				4312C76A1F87BAFC00D5C787 /* logo-leeds.png in Resources */,
				433154981F826DC800028E79 /* LaunchScreen.storyboard in Resources */,
				433154951F826DC800028E79 /* Assets.xcassets in Resources */,
				433154931F826DC800028E79 /* Main.storyboard in Resources */,
			);
			runOnlyForDeploymentPostprocessing = 0;
		};
		4331549C1F826DC800028E79 /* Resources */ = {
			isa = PBXResourcesBuildPhase;
			buildActionMask = 2147483647;
			files = (
			);
			runOnlyForDeploymentPostprocessing = 0;
		};
		433154A71F826DC800028E79 /* Resources */ = {
			isa = PBXResourcesBuildPhase;
			buildActionMask = 2147483647;
			files = (
			);
			runOnlyForDeploymentPostprocessing = 0;
		};
/* End PBXResourcesBuildPhase section */

/* Begin PBXSourcesBuildPhase section */
		433154811F826DC800028E79 /* Sources */ = {
			isa = PBXSourcesBuildPhase;
			buildActionMask = 2147483647;
			files = (
				433154901F826DC800028E79 /* ViewController.m in Sources */,
				4331548D1F826DC800028E79 /* AppDelegate.m in Sources */,
				4331548A1F826DC800028E79 /* main.m in Sources */,
			);
			runOnlyForDeploymentPostprocessing = 0;
		};
		4331549A1F826DC800028E79 /* Sources */ = {
			isa = PBXSourcesBuildPhase;
			buildActionMask = 2147483647;
			files = (
				433154A31F826DC800028E79 /* Lab_Session_02Tests.m in Sources */,
			);
			runOnlyForDeploymentPostprocessing = 0;
		};
		433154A51F826DC800028E79 /* Sources */ = {
			isa = PBXSourcesBuildPhase;
			buildActionMask = 2147483647;
			files = (
				433154AE1F826DC800028E79 /* Lab_Session_02UITests.m in Sources */,
			);
			runOnlyForDeploymentPostprocessing = 0;
		};
/* End PBXSourcesBuildPhase section */

/* Begin PBXTargetDependency section */
		433154A01F826DC800028E79 /* PBXTargetDependency */ = {
			isa = PBXTargetDependency;
			target = 433154841F826DC800028E79 /* Lab Session 02 */;
			targetProxy = 4331549F1F826DC800028E79 /* PBXContainerItemProxy */;
		};
		433154AB1F826DC800028E79 /* PBXTargetDependency */ = {
			isa = PBXTargetDependency;
			target = 433154841F826DC800028E79 /* Lab Session 02 */;
			targetProxy = 433154AA1F826DC800028E79 /* PBXContainerItemProxy */;
		};
/* End PBXTargetDependency section */

/* Begin PBXVariantGroup section */
		433154911F826DC800028E79 /* Main.storyboard */ = {
			isa = PBXVariantGroup;
			children = (
				433154921F826DC800028E79 /* Base */,
			);
			name = Main.storyboard;
			sourceTree = "<group>";
		};
		433154961F826DC800028E79 /* LaunchScreen.storyboard */ = {
			isa = PBXVariantGroup;
			children = (
				433154971F826DC800028E79 /* Base */,
			);
			name = LaunchScreen.storyboard;
			sourceTree = "<group>";
		};
/* End PBXVariantGroup section */

/* Begin XCBuildConfiguration section */
		433154B01F826DC800028E79 /* Debug */ = {
			isa = XCBuildConfiguration;
			buildSettings = {
				ALWAYS_SEARCH_USER_PATHS = NO;
				CLANG_ANALYZER_NONNULL = YES;
				CLANG_CXX_LANGUAGE_STANDARD = "gnu++0x";
				CLANG_CXX_LIBRARY = "libc++";
				CLANG_ENABLE_MODULES = YES;
				CLANG_ENABLE_OBJC_ARC = YES;
				CLANG_WARN_BOOL_CONVERSION = YES;
				CLANG_WARN_CONSTANT_CONVERSION = YES;
				CLANG_WARN_DIRECT_OBJC_ISA_USAGE = YES_ERROR;
				CLANG_WARN_DOCUMENTATION_COMMENTS = YES;
				CLANG_WARN_EMPTY_BODY = YES;
				CLANG_WARN_ENUM_CONVERSION = YES;
				CLANG_WARN_INFINITE_RECURSION = YES;
				CLANG_WARN_INT_CONVERSION = YES;
				CLANG_WARN_OBJC_ROOT_CLASS = YES_ERROR;
				CLANG_WARN_SUSPICIOUS_MOVES = YES;
				CLANG_WARN_UNREACHABLE_CODE = YES;
				CLANG_WARN__DUPLICATE_METHOD_MATCH = YES;
				"CODE_SIGN_IDENTITY[sdk=iphoneos*]" = "iPhone Developer";
				COPY_PHASE_STRIP = NO;
				DEBUG_INFORMATION_FORMAT = dwarf;
				ENABLE_STRICT_OBJC_MSGSEND = YES;
				ENABLE_TESTABILITY = YES;
				GCC_C_LANGUAGE_STANDARD = gnu99;
				GCC_DYNAMIC_NO_PIC = NO;
				GCC_NO_COMMON_BLOCKS = YES;
				GCC_OPTIMIZATION_LEVEL = 0;
				GCC_PREPROCESSOR_DEFINITIONS = (
					"DEBUG=1",
					"$(inherited)",
				);
				GCC_WARN_64_TO_32_BIT_CONVERSION = YES;
				GCC_WARN_ABOUT_RETURN_TYPE = YES_ERROR;
				GCC_WARN_UNDECLARED_SELECTOR = YES;
				GCC_WARN_UNINITIALIZED_AUTOS = YES_AGGRESSIVE;
				GCC_WARN_UNUSED_FUNCTION = YES;
				GCC_WARN_UNUSED_VARIABLE = YES;
				IPHONEOS_DEPLOYMENT_TARGET = 10.0;
				MTL_ENABLE_DEBUG_INFO = YES;
				ONLY_ACTIVE_ARCH = YES;
				SDKROOT = iphoneos;
				TARGETED_DEVICE_FAMILY = "1,2";
			};
			name = Debug;
		};
		433154B11F826DC800028E79 /* Release */ = {
			isa = XCBuildConfiguration;
			buildSettings = {
				ALWAYS_SEARCH_USER_PATHS = NO;
				CLANG_ANALYZER_NONNULL = YES;
				CLANG_CXX_LANGUAGE_STANDARD = "gnu++0x";
				CLANG_CXX_LIBRARY = "libc++";
				CLANG_ENABLE_MODULES = YES;
				CLANG_ENABLE_OBJC_ARC = YES;
				CLANG_WARN_BOOL_CONVERSION = YES;
				CLANG_WARN_CONSTANT_CONVERSION = YES;
				CLANG_WARN_DIRECT_OBJC_ISA_USAGE = YES_ERROR;
				CLANG_WARN_DOCUMENTATION_COMMENTS = YES;
				CLANG_WARN_EMPTY_BODY = YES;
				CLANG_WARN_ENUM_CONVERSION = YES;
				CLANG_WARN_INFINITE_RECURSION = YES;
				CLANG_WARN_INT_CONVERSION = YES;
				CLANG_WARN_OBJC_ROOT_CLASS = YES_ERROR;
				CLANG_WARN_SUSPICIOUS_MOVES = YES;
				CLANG_WARN_UNREACHABLE_CODE = YES;
				CLANG_WARN__DUPLICATE_METHOD_MATCH = YES;
				"CODE_SIGN_IDENTITY[sdk=iphoneos*]" = "iPhone Developer";
				COPY_PHASE_STRIP = NO;
				DEBUG_INFORMATION_FORMAT = "dwarf-with-dsym";
				ENABLE_NS_ASSERTIONS = NO;
				ENABLE_STRICT_OBJC_MSGSEND = YES;
				GCC_C_LANGUAGE_STANDARD = gnu99;
				GCC_NO_COMMON_BLOCKS = YES;
				GCC_WARN_64_TO_32_BIT_CONVERSION = YES;
				GCC_WARN_ABOUT_RETURN_TYPE = YES_ERROR;
				GCC_WARN_UNDECLARED_SELECTOR = YES;
				GCC_WARN_UNINITIALIZED_AUTOS = YES_AGGRESSIVE;
				GCC_WARN_UNUSED_FUNCTION = YES;
				GCC_WARN_UNUSED_VARIABLE = YES;
				IPHONEOS_DEPLOYMENT_TARGET = 10.0;
				MTL_ENABLE_DEBUG_INFO = NO;
				SDKROOT = iphoneos;
				TARGETED_DEVICE_FAMILY = "1,2";
				VALIDATE_PRODUCT = YES;
			};
			name = Release;
		};
		433154B31F826DC800028E79 /* Debug */ = {
			isa = XCBuildConfiguration;
			buildSettings = {
				ASSETCATALOG_COMPILER_APPICON_NAME = AppIcon;
				INFOPLIST_FILE = "Lab Session 02/Info.plist";
				LD_RUNPATH_SEARCH_PATHS = "$(inherited) @executable_path/Frameworks";
				PRODUCT_BUNDLE_IDENTIFIER = "uk.ac.leeds.Lab-Session-02";
				PRODUCT_NAME = "$(TARGET_NAME)";
			};
			name = Debug;
		};
		433154B41F826DC800028E79 /* Release */ = {
			isa = XCBuildConfiguration;
			buildSettings = {
				ASSETCATALOG_COMPILER_APPICON_NAME = AppIcon;
				INFOPLIST_FILE = "Lab Session 02/Info.plist";
				LD_RUNPATH_SEARCH_PATHS = "$(inherited) @executable_path/Frameworks";
				PRODUCT_BUNDLE_IDENTIFIER = "uk.ac.leeds.Lab-Session-02";
				PRODUCT_NAME = "$(TARGET_NAME)";
			};
			name = Release;
		};
		433154B61F826DC800028E79 /* Debug */ = {
			isa = XCBuildConfiguration;
			buildSettings = {
				BUNDLE_LOADER = "$(TEST_HOST)";
				INFOPLIST_FILE = "Lab Session 02Tests/Info.plist";
				LD_RUNPATH_SEARCH_PATHS = "$(inherited) @executable_path/Frameworks @loader_path/Frameworks";
				PRODUCT_BUNDLE_IDENTIFIER = "uk.ac.leeds.Lab-Session-02Tests";
				PRODUCT_NAME = "$(TARGET_NAME)";
				TEST_HOST = "$(BUILT_PRODUCTS_DIR)/Lab Session 02.app/Lab Session 02";
			};
			name = Debug;
		};
		433154B71F826DC800028E79 /* Release */ = {
			isa = XCBuildConfiguration;
			buildSettings = {
				BUNDLE_LOADER = "$(TEST_HOST)";
				INFOPLIST_FILE = "Lab Session 02Tests/Info.plist";
				LD_RUNPATH_SEARCH_PATHS = "$(inherited) @executable_path/Frameworks @loader_path/Frameworks";
				PRODUCT_BUNDLE_IDENTIFIER = "uk.ac.leeds.Lab-Session-02Tests";
				PRODUCT_NAME = "$(TARGET_NAME)";
				TEST_HOST = "$(BUILT_PRODUCTS_DIR)/Lab Session 02.app/Lab Session 02";
			};
			name = Release;
		};
		433154B91F826DC800028E79 /* Debug */ = {
			isa = XCBuildConfiguration;
			buildSettings = {
				INFOPLIST_FILE = "Lab Session 02UITests/Info.plist";
				LD_RUNPATH_SEARCH_PATHS = "$(inherited) @executable_path/Frameworks @loader_path/Frameworks";
				PRODUCT_BUNDLE_IDENTIFIER = "uk.ac.leeds.Lab-Session-02UITests";
				PRODUCT_NAME = "$(TARGET_NAME)";
				TEST_TARGET_NAME = "Lab Session 02";
			};
			name = Debug;
		};
		433154BA1F826DC800028E79 /* Release */ = {
			isa = XCBuildConfiguration;
			buildSettings = {
				INFOPLIST_FILE = "Lab Session 02UITests/Info.plist";
				LD_RUNPATH_SEARCH_PATHS = "$(inherited) @executable_path/Frameworks @loader_path/Frameworks";
				PRODUCT_BUNDLE_IDENTIFIER = "uk.ac.leeds.Lab-Session-02UITests";
				PRODUCT_NAME = "$(TARGET_NAME)";
				TEST_TARGET_NAME = "Lab Session 02";
			};
			name = Release;
		};
/* End XCBuildConfiguration section */

/* Begin XCConfigurationList section */
		433154801F826DC800028E79 /* Build configuration list for PBXProject "Lab Session 02" */ = {
			isa = XCConfigurationList;
			buildConfigurations = (
				433154B01F826DC800028E79 /* Debug */,
				433154B11F826DC800028E79 /* Release */,
			);
			defaultConfigurationIsVisible = 0;
			defaultConfigurationName = Release;
		};
		433154B21F826DC800028E79 /* Build configuration list for PBXNativeTarget "Lab Session 02" */ = {
			isa = XCConfigurationList;
			buildConfigurations = (
				433154B31F826DC800028E79 /* Debug */,
				433154B41F826DC800028E79 /* Release */,
			);
			defaultConfigurationIsVisible = 0;
			defaultConfigurationName = Release;
		};
		433154B51F826DC800028E79 /* Build configuration list for PBXNativeTarget "Lab Session 02Tests" */ = {
			isa = XCConfigurationList;
			buildConfigurations = (
				433154B61F826DC800028E79 /* Debug */,
				433154B71F826DC800028E79 /* Release */,
			);
			defaultConfigurationIsVisible = 0;
			defaultConfigurationName = Release;
		};
		433154B81F826DC800028E79 /* Build configuration list for PBXNativeTarget "Lab Session 02UITests" */ = {
			isa = XCConfigurationList;
			buildConfigurations = (
				433154B91F826DC800028E79 /* Debug */,
				433154BA1F826DC800028E79 /* Release */,
			);
			defaultConfigurationIsVisible = 0;
			defaultConfigurationName = Release;
		};
/* End XCConfigurationList section */
	};
	rootObject = 4331547D1F826DC800028E79 /* Project object */;
}
